
Microsoft Visual Studio Solution File, Format Version 12.00
# Visual Studio Version 17
VisualStudioVersion = 17.8.34511.84
MinimumVisualStudioVersion = 10.0.40219.1
Project("{9A19103F-16F7-4668-BE54-9A1E7A4F7556}") = "SC2APIProtocol", "SC2APIProtocol\SC2APIProtocol.csproj", "{EAFCEFB4-A3E9-4481-8A8B-310E4D8DC438}"
EndProject
Project("{9A19103F-16F7-4668-BE54-9A1E7A4F7556}") = "SC2API.CSharp", "SC2API-CSharp\SC2API.CSharp.csproj", "{3A80D8CD-E915-4094-8ED8-890B8F4EE72F}"
EndProject
Project("{9A19103F-16F7-4668-BE54-9A1E7A4F7556}") = "SwarmAtlas.Lib", "SwarmAtlas.Lib\SwarmAtlas.Lib.csproj", "{A3113851-1830-478E-A021-643B8739B0EA}"
EndProject
Project("{9A19103F-16F7-4668-BE54-9A1E7A4F7556}") = "SwarmAtlas", "SwarmAtlas\SwarmAtlas.csproj", "{F79572F1-D27D-46D3-BDFF-F0BC808CC6ED}"
EndProject
Project("{FAE04EC0-301F-11D3-BF4B-00C04F79EFBC}") = "SwarmAtlas.Interface", "SwarmAtlas.Interface\SwarmAtlas.Interface.csproj", "{3E6C0D78-D70E-454C-A27B-455FC24C38D5}"
EndProject
Project("{FAE04EC0-301F-11D3-BF4B-00C04F79EFBC}") = "SwarmAtlas.Gui", "SwarmAtlas.Gui\SwarmAtlas.Gui.csproj", "{03F0F60A-68B5-4617-AB01-03F350202A94}"
EndProject
Global
	GlobalSection(SolutionConfigurationPlatforms) = preSolution
		Debug|Any CPU = Debug|Any CPU
		Release|Any CPU = Release|Any CPU
	EndGlobalSection
	GlobalSection(ProjectConfigurationPlatforms) = postSolution
		{EAFCEFB4-A3E9-4481-8A8B-310E4D8DC438}.Debug|Any CPU.ActiveCfg = Debug|Any CPU
		{EAFCEFB4-A3E9-4481-8A8B-310E4D8DC438}.Debug|Any CPU.Build.0 = Debug|Any CPU
		{EAFCEFB4-A3E9-4481-8A8B-310E4D8DC438}.Release|Any CPU.ActiveCfg = Release|Any CPU
		{EAFCEFB4-A3E9-4481-8A8B-310E4D8DC438}.Release|Any CPU.Build.0 = Release|Any CPU
		{3A80D8CD-E915-4094-8ED8-890B8F4EE72F}.Debug|Any CPU.ActiveCfg = Debug|Any CPU
		{3A80D8CD-E915-4094-8ED8-890B8F4EE72F}.Debug|Any CPU.Build.0 = Debug|Any CPU
		{3A80D8CD-E915-4094-8ED8-890B8F4EE72F}.Release|Any CPU.ActiveCfg = Release|Any CPU
		{3A80D8CD-E915-4094-8ED8-890B8F4EE72F}.Release|Any CPU.Build.0 = Release|Any CPU
		{A3113851-1830-478E-A021-643B8739B0EA}.Debug|Any CPU.ActiveCfg = Debug|Any CPU
		{A3113851-1830-478E-A021-643B8739B0EA}.Debug|Any CPU.Build.0 = Debug|Any CPU
		{A3113851-1830-478E-A021-643B8739B0EA}.Release|Any CPU.ActiveCfg = Release|Any CPU
		{A3113851-1830-478E-A021-643B8739B0EA}.Release|Any CPU.Build.0 = Release|Any CPU
		{F79572F1-D27D-46D3-BDFF-F0BC808CC6ED}.Debug|Any CPU.ActiveCfg = Debug|Any CPU
		{F79572F1-D27D-46D3-BDFF-F0BC808CC6ED}.Debug|Any CPU.Build.0 = Debug|Any CPU
		{F79572F1-D27D-46D3-BDFF-F0BC808CC6ED}.Release|Any CPU.ActiveCfg = Release|Any CPU
		{F79572F1-D27D-46D3-BDFF-F0BC808CC6ED}.Release|Any CPU.Build.0 = Release|Any CPU
		{3E6C0D78-D70E-454C-A27B-455FC24C38D5}.Debug|Any CPU.ActiveCfg = Debug|Any CPU
		{3E6C0D78-D70E-454C-A27B-455FC24C38D5}.Debug|Any CPU.Build.0 = Debug|Any CPU
		{3E6C0D78-D70E-454C-A27B-455FC24C38D5}.Release|Any CPU.ActiveCfg = Release|Any CPU
		{3E6C0D78-D70E-454C-A27B-455FC24C38D5}.Release|Any CPU.Build.0 = Release|Any CPU
		{03F0F60A-68B5-4617-AB01-03F350202A94}.Debug|Any CPU.ActiveCfg = Debug|Any CPU
		{03F0F60A-68B5-4617-AB01-03F350202A94}.Debug|Any CPU.Build.0 = Debug|Any CPU
		{03F0F60A-68B5-4617-AB01-03F350202A94}.Release|Any CPU.ActiveCfg = Release|Any CPU
		{03F0F60A-68B5-4617-AB01-03F350202A94}.Release|Any CPU.Build.0 = Release|Any CPU
	EndGlobalSection
	GlobalSection(SolutionProperties) = preSolution
		HideSolutionNode = FALSE
	EndGlobalSection
	GlobalSection(ExtensibilityGlobals) = postSolution
		SolutionGuid = {0A50D8A1-42E3-4AF8-9E89-BD03778E4C5A}
	EndGlobalSection
EndGlobal
